# This file is automatically @generated by Poetry and should not be changed by hand.

[[package]]
name = "cx-freeze"
version = "6.15.7"
description = "Create standalone executables from Python scripts"
category = "main"
optional = false
python-versions = ">=3.7.4"
files = [
    {file = "cx_Freeze-6.15.7-cp310-cp310-macosx_10_9_x86_64.whl", hash = "sha256:1fb26ad3245446c022e5480048b4670f3ee37f48676c585a3a268467fad591f2"},
    {file = "cx_Freeze-6.15.7-cp310-cp310-macosx_11_0_arm64.whl", hash = "sha256:904c88f93e2cd15cc6cd8b11db0bbc4a81dfb4d1ae0fe42bf08064146d254073"},
    {file = "cx_Freeze-6.15.7-cp310-cp310-manylinux_2_17_aarch64.manylinux2014_aarch64.whl", hash = "sha256:8ccf2d05fe9cf899865e349e2dc9fc087403e27c68ae5f72b3eca986ca3367f5"},
    {file = "cx_Freeze-6.15.7-cp310-cp310-manylinux_2_17_ppc64le.manylinux2014_ppc64le.whl", hash = "sha256:10b7cdcf010eb5e03d9c3f8ed034d4efa160fbcfaaadfa6723daeca1d18979af"},
    {file = "cx_Freeze-6.15.7-cp310-cp310-manylinux_2_17_x86_64.manylinux2014_x86_64.whl", hash = "sha256:3aa02cba411123640d5e878e6574f8cc4b44664e2e4f1f6e9d7f0b13a1a52fbd"},
    {file = "cx_Freeze-6.15.7-cp310-cp310-musllinux_1_1_aarch64.whl", hash = "sha256:9b497b5c4c539bf79e3541fd8dd58103cbacc6b04048d8cc9de9b1e07d5b56ee"},
    {file = "cx_Freeze-6.15.7-cp310-cp310-musllinux_1_1_ppc64le.whl", hash = "sha256:b6b0ccc2bdb0a1ab8f77d0cde8ef3f556bb88e2f04e338b8b054719e276e6fce"},
    {file = "cx_Freeze-6.15.7-cp310-cp310-musllinux_1_1_x86_64.whl", hash = "sha256:1328a6af98fe695847da6abcb8750aebdbe5ce876f7bb0d4fd55b2b99eeefb2b"},
    {file = "cx_Freeze-6.15.7-cp310-cp310-win32.whl", hash = "sha256:dc7282ec0766fa126c3e1b533b95c3af0e83d16c45f5f6aeb9b95f49376d0668"},
    {file = "cx_Freeze-6.15.7-cp310-cp310-win_amd64.whl", hash = "sha256:a7ee16c11dd63869996e1d5a24bc43e43d9d53f60d5891048dbaacb64e4f5de4"},
    {file = "cx_Freeze-6.15.7-cp311-cp311-macosx_10_9_x86_64.whl", hash = "sha256:898b0c84ee93468bcc9ef728cb6adb4c10a6d112b6de2089a665972ac3721379"},
    {file = "cx_Freeze-6.15.7-cp311-cp311-macosx_11_0_arm64.whl", hash = "sha256:cb43e9160a190277b0dec7a433db45dabea81f1f7f99c5b4b5778952aea36b87"},
    {file = "cx_Freeze-6.15.7-cp311-cp311-manylinux_2_17_aarch64.manylinux2014_aarch64.whl", hash = "sha256:1dd108bc0862f6d995e10abf771388b678bfcd93f2e59f53279230b1e8cfc8d7"},
    {file = "cx_Freeze-6.15.7-cp311-cp311-manylinux_2_17_ppc64le.manylinux2014_ppc64le.whl", hash = "sha256:dedc6d6e9503c7d50dc9ac72fde6666c8260d1f151759ddb31fbfbfa64a53bfb"},
    {file = "cx_Freeze-6.15.7-cp311-cp311-manylinux_2_17_x86_64.manylinux2014_x86_64.whl", hash = "sha256:84d03388fd3dcab2f46c9a326829a28266160cc84633ec94ccae4603a3a81575"},
    {file = "cx_Freeze-6.15.7-cp311-cp311-musllinux_1_1_aarch64.whl", hash = "sha256:7730a23a0907bb33189e18712fb430911566fcc1d041b1f6b58f49ac46a4c4c9"},
    {file = "cx_Freeze-6.15.7-cp311-cp311-musllinux_1_1_ppc64le.whl", hash = "sha256:c215abb9ad106f568604ce4b1395e57003f1e860144e57435bf21b5b186e83b8"},
    {file = "cx_Freeze-6.15.7-cp311-cp311-musllinux_1_1_x86_64.whl", hash = "sha256:5a70363e98684bfcee5acf909b08422ab6990c8d57d3253e243a3128e9c699e6"},
    {file = "cx_Freeze-6.15.7-cp311-cp311-win32.whl", hash = "sha256:fa7a1dab03d8ef432d929ca7dca077f94d97e464860f5f2a056d74ab32f97d54"},
    {file = "cx_Freeze-6.15.7-cp311-cp311-win_amd64.whl", hash = "sha256:6318da4c8f522c87d4ee87541f436e08e71f2c81562123bb57c9eedcfcb07e0f"},
    {file = "cx_Freeze-6.15.7-cp37-cp37m-macosx_10_9_x86_64.whl", hash = "sha256:c332b6bcb50fc9ee134f270b76a28d89156b67dd0cd0e0a42b494b27b2925695"},
    {file = "cx_Freeze-6.15.7-cp37-cp37m-manylinux_2_17_aarch64.manylinux2014_aarch64.whl", hash = "sha256:f7342602dfa8267997bcac6ea87716a82faa7a580c96cd8e6f15badc02eb829c"},
    {file = "cx_Freeze-6.15.7-cp37-cp37m-manylinux_2_17_ppc64le.manylinux2014_ppc64le.whl", hash = "sha256:4af2c4bd9f35b5fd2e34a606a27008941a9c6a1b2181fac114dade09f19379f3"},
    {file = "cx_Freeze-6.15.7-cp37-cp37m-manylinux_2_17_x86_64.manylinux2014_x86_64.whl", hash = "sha256:e35c14bdbf5595df6118cb6bd8f7893721cf9fc82c1c1b77f35f8a24af011324"},
    {file = "cx_Freeze-6.15.7-cp37-cp37m-musllinux_1_1_aarch64.whl", hash = "sha256:2cc94b761813e27e6a131b152cbbae98370e885e51f6625201641dd659c345b9"},
    {file = "cx_Freeze-6.15.7-cp37-cp37m-musllinux_1_1_ppc64le.whl", hash = "sha256:1885810e99e5e5ad1b02b0665d3bd6d8563efbe85f74f5376ebee026575a8de9"},
    {file = "cx_Freeze-6.15.7-cp37-cp37m-musllinux_1_1_x86_64.whl", hash = "sha256:dbd705605b7a6b4b1fcf360cb5bb23812a0e1a5609859d4abe468b607bd5d39c"},
    {file = "cx_Freeze-6.15.7-cp37-cp37m-win32.whl", hash = "sha256:698af675c69d8f8416ccd62d15978616fdbc06f2b6166a3d56076b9d97af3b65"},
    {file = "cx_Freeze-6.15.7-cp37-cp37m-win_amd64.whl", hash = "sha256:c767700c481e0b40915efc9d56bf19626d338f1bcf9ab964296fc2ae5fb0dff6"},
    {file = "cx_Freeze-6.15.7-cp38-cp38-macosx_10_9_x86_64.whl", hash = "sha256:4411f54648f5ddab59c536fc469c1028bdb6ee2e95943c0cdbdbcbf20afb5e45"},
    {file = "cx_Freeze-6.15.7-cp38-cp38-manylinux_2_17_x86_64.manylinux2014_x86_64.whl", hash = "sha256:dd0400a722d9b8b1e3bb0c85aceb34908ff3bc6c6e3ebc1d9faba07f4c7fcd72"},
    {file = "cx_Freeze-6.15.7-cp38-cp38-musllinux_1_1_x86_64.whl", hash = "sha256:1d2a8281bed8297f3e63053d787437c63cbcb6bab22d7f5f5dd27c40d1b05b58"},
    {file = "cx_Freeze-6.15.7-cp38-cp38-win32.whl", hash = "sha256:9dd39901fcd21f7edd2f97cbbef5de52ace56674ec3d816eaaf8b53bd00a217b"},
    {file = "cx_Freeze-6.15.7-cp38-cp38-win_amd64.whl", hash = "sha256:077509307fb647b1d792159c0b77d053c491c86f7a2dae296686204bbb32b566"},
    {file = "cx_Freeze-6.15.7-cp39-cp39-macosx_10_9_x86_64.whl", hash = "sha256:78606e183066d6442714e615e381b8e59feebf156fc819f765cc96d5abca9d64"},
    {file = "cx_Freeze-6.15.7-cp39-cp39-manylinux_2_17_x86_64.manylinux2014_x86_64.whl", hash = "sha256:d955a7673a6cb486eca5d39e9dbd33231ed6f10546e9028883d334aff2439e72"},
    {file = "cx_Freeze-6.15.7-cp39-cp39-musllinux_1_1_x86_64.whl", hash = "sha256:7e34572ef211884ebb2d67e077d9bf7808e8111a9a916d891a3825ac2f877600"},
    {file = "cx_Freeze-6.15.7-cp39-cp39-win32.whl", hash = "sha256:a2355b9bf0ee48ecb27ce198b4812e84440823bd50f44846a60eac01dfb68776"},
    {file = "cx_Freeze-6.15.7-cp39-cp39-win_amd64.whl", hash = "sha256:e14b98219dbc7c826329e285b7e5495632825d65920e173d7e60565413611908"},
    {file = "cx_Freeze-6.15.7.tar.gz", hash = "sha256:f97f455a4a46ee0c076d922a29fb53eff462a165dd0423fa27e27c2a4453b40b"},
]

[package.dependencies]
cx-Logging = {version = ">=3.1", markers = "sys_platform == \"win32\""}
lief = {version = ">=0.12.0", markers = "sys_platform == \"win32\""}
patchelf = {version = ">=0.14", markers = "sys_platform == \"linux\" and platform_machine == \"aarch64\" or sys_platform == \"linux\" and platform_machine == \"armv7l\" or sys_platform == \"linux\" and platform_machine == \"i686\" or sys_platform == \"linux\" and platform_machine == \"ppc64le\" or sys_platform == \"linux\" and platform_machine == \"s390x\" or sys_platform == \"linux\" and platform_machine == \"x86_64\""}
setuptools = ">=62.6,<69"
wheel = ">=0.38.4"

[package.extras]
dev = ["bump2version (==1.0.1)", "cibuildwheel (>=2.13.1)", "pre-commit (>=2.21.0)", "pylint (==2.17.4)"]
doc = ["furo (==2023.3.27)", "sphinx (==5.3.0)", "sphinx-tabs (==3.4.1)"]
test = ["pytest (>=7.4.0)", "pytest-cov (==4.1.0)", "pytest-datafiles (==3.0.0)", "pytest-mock (==3.11.1)", "pytest-timeout (==2.1.0)", "pytest-xdist[psutil] (==3.3.1)"]

[[package]]
name = "cx-logging"
version = "3.1.0"
description = "Python and C interfaces for logging"
category = "main"
optional = false
python-versions = ">=3.7"
files = [
    {file = "cx_Logging-3.1.0-cp310-cp310-manylinux_2_17_aarch64.manylinux2014_aarch64.whl", hash = "sha256:9d6aee2d91d4abeafa8ae1a5cacdcc363031ab6e69a3c5b221b294f5b94b0830"},
    {file = "cx_Logging-3.1.0-cp310-cp310-manylinux_2_17_x86_64.manylinux2014_x86_64.whl", hash = "sha256:f7f2d686ca7347e14d248e4f57279b9340b305f86888806313111ab7964835f4"},
    {file = "cx_Logging-3.1.0-cp310-cp310-win32.whl", hash = "sha256:93ee6c9109d129f63344aa9da10dfc6c0d2ac3b2656599a4f884bf482c1fd2f6"},
    {file = "cx_Logging-3.1.0-cp310-cp310-win_amd64.whl", hash = "sha256:7d69b2986e53f8f14d6fcd1614472f378edf63eea6c71c04d42cb215f7012717"},
    {file = "cx_Logging-3.1.0-cp311-cp311-manylinux_2_17_aarch64.manylinux2014_aarch64.whl", hash = "sha256:4e16a66e8ce16b28a79c9dcf9bda2f36297bd552ec7d9a80cc70e19970d49460"},
    {file = "cx_Logging-3.1.0-cp311-cp311-manylinux_2_17_x86_64.manylinux2014_x86_64.whl", hash = "sha256:564bea49c30342478ff2301c39a61c47c926e01146052b2a505ac11896ef51d2"},
    {file = "cx_Logging-3.1.0-cp311-cp311-win32.whl", hash = "sha256:cfd260cd431f2087cac2a9bfb738c2e428eb30e2b85ba0e0bce8dde2cb4843eb"},
    {file = "cx_Logging-3.1.0-cp311-cp311-win_amd64.whl", hash = "sha256:c61388bd9410817839187dab602f47d307f3f58df2dd11fb698cd321b8b48985"},
    {file = "cx_Logging-3.1.0-cp37-cp37m-manylinux_2_17_aarch64.manylinux2014_aarch64.whl", hash = "sha256:1937991c2daab59ced3bf8f52b1052b0157c0c30f229aa87bd384ab18dc8d1f3"},
    {file = "cx_Logging-3.1.0-cp37-cp37m-manylinux_2_17_x86_64.manylinux2014_x86_64.whl", hash = "sha256:8129e2d6bbff03fa7b09e9b587a5aed178fa16032508bae0f4db7e933fb43d08"},
    {file = "cx_Logging-3.1.0-cp37-cp37m-win32.whl", hash = "sha256:80aac0557464995780769535edf8057bab79a54cb4126363a7134b4ae38d25a3"},
    {file = "cx_Logging-3.1.0-cp37-cp37m-win_amd64.whl", hash = "sha256:ce9a37ab15890a87d144a7206c30d16192b67e63e8e52f02c579daa72a10767e"},
    {file = "cx_Logging-3.1.0-cp38-cp38-manylinux_2_17_aarch64.manylinux2014_aarch64.whl", hash = "sha256:8040a77b922eacd342d2dc0804a06425d772cf9cde61dd4c01e61aaaf9189f9f"},
    {file = "cx_Logging-3.1.0-cp38-cp38-manylinux_2_17_x86_64.manylinux2014_x86_64.whl", hash = "sha256:3accfa4ae945c3f65d7fc830058272e263b27e09672539d8dc2ed190a07be99e"},
    {file = "cx_Logging-3.1.0-cp38-cp38-win32.whl", hash = "sha256:ae6d01072625de14584e79af4aade249b3b7080e90a3df6b47ada72b0ecd8b79"},
    {file = "cx_Logging-3.1.0-cp38-cp38-win_amd64.whl", hash = "sha256:10fca1790e3467548472987e1a39379a96b93da09bdc1b64b3075605d473aaf6"},
    {file = "cx_Logging-3.1.0-cp39-cp39-manylinux_2_17_aarch64.manylinux2014_aarch64.whl", hash = "sha256:78b82737e589d5805b044a64afa8d2782a388a42898af084c6ab76153bc531fb"},
    {file = "cx_Logging-3.1.0-cp39-cp39-manylinux_2_17_x86_64.manylinux2014_x86_64.whl", hash = "sha256:82fc9cd57a4c151856759d76b9e44700913de60d6b97d661000577dad89f383b"},
    {file = "cx_Logging-3.1.0-cp39-cp39-win32.whl", hash = "sha256:a98781f59652c58b0648a835b5f5a9cfcdc90957283818d1babf98aed3a5e28f"},
    {file = "cx_Logging-3.1.0-cp39-cp39-win_amd64.whl", hash = "sha256:8a1548d8339baf54c7f1f372e68d381be7ce3e9506f2aa0987e88670a446a773"},
    {file = "cx_Logging-3.1.0.tar.gz", hash = "sha256:8a06834d8527aa904a68b25c9c1a5fa09f0dfdc94dbd9f86b81cd8d2f7a0e487"},
]

[[package]]
name = "easyprocess"
version = "1.1"
description = "Easy to use Python subprocess interface."
category = "main"
optional = false
python-versions = "*"
files = [
    {file = "EasyProcess-1.1-py3-none-any.whl", hash = "sha256:82eed523a0a5eb12a81fa4eacd9f342caeb3f900eb4b798740e6696ad07e63f9"},
    {file = "EasyProcess-1.1.tar.gz", hash = "sha256:885898302a57aab948973e8b5d32a4229392b9fb2d986ab1d4ffd590e5ba90ec"},
]

[[package]]
name = "entrypoint2"
version = "1.1"
description = "easy to use command-line interface for python modules"
category = "main"
optional = false
python-versions = "*"
files = [
    {file = "entrypoint2-1.1-py2.py3-none-any.whl", hash = "sha256:eeb8c327bdb65cdd1668c023a6b110b7e3d1a046fb05e043861ebd9264b3a257"},
    {file = "entrypoint2-1.1.tar.gz", hash = "sha256:fc0b7fe7b21acdab47a585ab9407ca7e5c4f96cb6888575db6b0ceb91f0e105a"},
]

[[package]]
name = "jeepney"
version = "0.8.0"
description = "Low-level, pure Python DBus protocol wrapper."
category = "main"
optional = false
python-versions = ">=3.7"
files = [
    {file = "jeepney-0.8.0-py3-none-any.whl", hash = "sha256:c0a454ad016ca575060802ee4d590dd912e35c122fa04e70306de3d076cce755"},
    {file = "jeepney-0.8.0.tar.gz", hash = "sha256:5efe48d255973902f6badc3ce55e2aa6c5c3b3bc642059ef3a91247bcfcc5806"},
]

[package.extras]
test = ["async-timeout", "pytest", "pytest-asyncio (>=0.17)", "pytest-trio", "testpath", "trio"]
trio = ["async_generator", "trio"]

[[package]]
name = "joblib"
version = "1.3.2"
description = "Lightweight pipelining with Python functions"
category = "main"
optional = false
python-versions = ">=3.7"
files = [
    {file = "joblib-1.3.2-py3-none-any.whl", hash = "sha256:ef4331c65f239985f3f2220ecc87db222f08fd22097a3dd5698f693875f8cbb9"},
    {file = "joblib-1.3.2.tar.gz", hash = "sha256:92f865e621e17784e7955080b6d042489e3b8e294949cc44c6eac304f59772b1"},
]

[[package]]
name = "lief"
version = "0.13.2"
description = "Library to instrument executable formats"
category = "main"
optional = false
python-versions = ">=3.8"
files = [
    {file = "lief-0.13.2-cp310-cp310-macosx_10_14_x86_64.whl", hash = "sha256:0390cfaaf0e9aed46bebf26f00f34852768f76bc7f90abf7ceb384566200e5f5"},
    {file = "lief-0.13.2-cp310-cp310-macosx_11_0_arm64.whl", hash = "sha256:5581bf0072c1e7a9ea2fb2e2252b8582016e8b298804b5461e552b402c9cd4e9"},
    {file = "lief-0.13.2-cp310-cp310-manylinux2014_aarch64.whl", hash = "sha256:dbbf2fb3d7807e815f345c77e287da162e081100f059ec03005995befc295d7f"},
    {file = "lief-0.13.2-cp310-cp310-manylinux_2_24_x86_64.whl", hash = "sha256:d344d37334c2b488dc02f04cb13c22cd61aa065eeb9bca7424588e0c8c23bdfb"},
    {file = "lief-0.13.2-cp310-cp310-win32.whl", hash = "sha256:bc041b28b94139843a33c014e355822a9276b35f3c5ae10d82da56bf572f8222"},
    {file = "lief-0.13.2-cp310-cp310-win_amd64.whl", hash = "sha256:01d4075bbc3541e9dd3ef008045fa1eb128294a0c5b0c1f69ce60d8948d248c7"},
    {file = "lief-0.13.2-cp311-cp311-macosx_10_14_x86_64.whl", hash = "sha256:6570dacebe107ad60c2ba0968d1a865d316009d43cc85af3719d3eeb0911abf3"},
    {file = "lief-0.13.2-cp311-cp311-macosx_11_0_arm64.whl", hash = "sha256:7ce2e3f7c791efba327c2bb3499dbef81e682027109045a9bae696c62e2aeeb0"},
    {file = "lief-0.13.2-cp311-cp311-manylinux2014_aarch64.whl", hash = "sha256:11ab900e0644b6735ecdef2bbd04439b4866a527650fc054470c195d6cfe2917"},
    {file = "lief-0.13.2-cp311-cp311-manylinux_2_24_x86_64.whl", hash = "sha256:042ad2105a136b11a7494b9af8178468e8cb32b8fa2a0a55cb659a5605aeb069"},
    {file = "lief-0.13.2-cp311-cp311-win32.whl", hash = "sha256:1ce289b6ab3cf4be654270007e8a2c0d2e42116180418c29d3ce83762955de63"},
    {file = "lief-0.13.2-cp311-cp311-win_amd64.whl", hash = "sha256:eccb248ffb598e410fd2ef7c1f171a3cde57a40c9bb8c4fa15d8e7b90eb4eb2d"},
    {file = "lief-0.13.2-cp38-cp38-macosx_10_14_x86_64.whl", hash = "sha256:95731cadedd6ffc5fb48c147fcefe004624e436b75e8ee9fb2dbf2ae5f084342"},
    {file = "lief-0.13.2-cp38-cp38-manylinux2014_aarch64.whl", hash = "sha256:8da75df0ea472557fcc37a27ba583bad5a8f3a256c186600d00a6dd0a57f718a"},
    {file = "lief-0.13.2-cp38-cp38-manylinux_2_24_x86_64.whl", hash = "sha256:b99092f02c13f580c2d00b504af224b7e60e7c98a791e72ae8519f530b7687bb"},
    {file = "lief-0.13.2-cp38-cp38-win32.whl", hash = "sha256:03db0138e4dbbdfa8bba74de312b0cebb30f504e44f38a9c8918b84022da340b"},
    {file = "lief-0.13.2-cp38-cp38-win_amd64.whl", hash = "sha256:36c5bea3f8460dee3ebb75d35949f445638ec85d2871f31e293c47fb4a0a5af7"},
    {file = "lief-0.13.2-cp39-cp39-macosx_10_14_x86_64.whl", hash = "sha256:eca8ecbcae1ad851ed7cf1e22ec8accd74f2267fa7375194559fb917523d8a92"},
    {file = "lief-0.13.2-cp39-cp39-macosx_11_0_arm64.whl", hash = "sha256:a8703cb5308b4828563badc6885ff07a3926ec3403d1caa3aa75f24fe9cbcf84"},
    {file = "lief-0.13.2-cp39-cp39-manylinux2014_aarch64.whl", hash = "sha256:c60f2f79e7d0d1f18dec7dcdb4d4f35e6b126ac29e2f2f056d28ec50599d868a"},
    {file = "lief-0.13.2-cp39-cp39-manylinux_2_24_x86_64.whl", hash = "sha256:e0f84a7443b7f1b02666fd16a9aa57f5d9027e60ba2885e0d76db8426d689707"},
    {file = "lief-0.13.2-cp39-cp39-win32.whl", hash = "sha256:3f8f251de874929d9c9e94a35891621ab8c059149f8a1c24e543fd9cf0c2a31c"},
    {file = "lief-0.13.2-cp39-cp39-win_amd64.whl", hash = "sha256:2bbe294385e629aa7206b2f39f0ca34e3948605a8db50b22091603053889a759"},
]

[[package]]
name = "mouseinfo"
version = "0.1.3"
description = "An application to display XY position and RGB color information for the pixel currently under the mouse. Works on Python 2 and 3."
category = "main"
optional = false
python-versions = "*"
files = [
    {file = "MouseInfo-0.1.3.tar.gz", hash = "sha256:2c62fb8885062b8e520a3cce0a297c657adcc08c60952eb05bc8256ef6f7f6e7"},
]

[package.dependencies]
pyperclip = "*"
python3-Xlib = {version = "*", markers = "platform_system == \"Linux\" and python_version >= \"3.0\""}
rubicon-objc = {version = "*", markers = "platform_system == \"Darwin\""}

[[package]]
name = "mss"
version = "9.0.1"
description = "An ultra fast cross-platform multiple screenshots module in pure python using ctypes."
category = "main"
optional = false
python-versions = ">=3.8"
files = [
    {file = "mss-9.0.1-py3-none-any.whl", hash = "sha256:7ee44db7ab14cbea6a3eb63813c57d677a109ca5979d3b76046e4bddd3ca1a0b"},
    {file = "mss-9.0.1.tar.gz", hash = "sha256:6eb7b9008cf27428811fa33aeb35f3334db81e3f7cc2dd49ec7c6e5a94b39f12"},
]

[[package]]
name = "patchelf"
version = "0.17.2.1"
description = "A small utility to modify the dynamic linker and RPATH of ELF executables."
category = "main"
optional = false
python-versions = "*"
files = [
    {file = "patchelf-0.17.2.1-py2.py3-none-manylinux_2_17_aarch64.manylinux2014_aarch64.musllinux_1_1_aarch64.whl", hash = "sha256:fc329da0e8f628bd836dfb8eaf523547e342351fa8f739bf2b3fe4a6db5a297c"},
    {file = "patchelf-0.17.2.1-py2.py3-none-manylinux_2_17_armv7l.manylinux2014_armv7l.musllinux_1_1_armv7l.whl", hash = "sha256:ccb266a94edf016efe80151172c26cff8c2ec120a57a1665d257b0442784195d"},
    {file = "patchelf-0.17.2.1-py2.py3-none-manylinux_2_17_ppc64le.manylinux2014_ppc64le.musllinux_1_1_ppc64le.whl", hash = "sha256:f47b5bdd6885cfb20abdd14c707d26eb6f499a7f52e911865548d4aa43385502"},
    {file = "patchelf-0.17.2.1-py2.py3-none-manylinux_2_17_s390x.manylinux2014_s390x.musllinux_1_1_s390x.whl", hash = "sha256:a9e6ebb0874a11f7ed56d2380bfaa95f00612b23b15f896583da30c2059fcfa8"},
    {file = "patchelf-0.17.2.1-py2.py3-none-manylinux_2_5_i686.manylinux1_i686.musllinux_1_1_i686.whl", hash = "sha256:3c8d58f0e4c1929b1c7c45ba8da5a84a8f1aa6a82a46e1cfb2e44a4d40f350e5"},
    {file = "patchelf-0.17.2.1-py2.py3-none-manylinux_2_5_x86_64.manylinux1_x86_64.musllinux_1_1_x86_64.whl", hash = "sha256:d1a9bc0d4fd80c038523ebdc451a1cce75237cfcc52dbd1aca224578001d5927"},
    {file = "patchelf-0.17.2.1.tar.gz", hash = "sha256:a6eb0dd452ce4127d0d5e1eb26515e39186fa609364274bc1b0b77539cfa7031"},
]

[package.extras]
test = ["importlib-metadata", "pytest"]

[[package]]
name = "pillow"
version = "10.0.1"
description = "Python Imaging Library (Fork)"
category = "main"
optional = false
python-versions = ">=3.8"
files = [
    {file = "Pillow-10.0.1-cp310-cp310-macosx_10_10_x86_64.whl", hash = "sha256:8f06be50669087250f319b706decf69ca71fdecd829091a37cc89398ca4dc17a"},
    {file = "Pillow-10.0.1-cp310-cp310-macosx_11_0_arm64.whl", hash = "sha256:50bd5f1ebafe9362ad622072a1d2f5850ecfa44303531ff14353a4059113b12d"},
    {file = "Pillow-10.0.1-cp310-cp310-manylinux_2_17_aarch64.manylinux2014_aarch64.whl", hash = "sha256:e6a90167bcca1216606223a05e2cf991bb25b14695c518bc65639463d7db722d"},
    {file = "Pillow-10.0.1-cp310-cp310-manylinux_2_17_x86_64.manylinux2014_x86_64.whl", hash = "sha256:f11c9102c56ffb9ca87134bd025a43d2aba3f1155f508eff88f694b33a9c6d19"},
    {file = "Pillow-10.0.1-cp310-cp310-manylinux_2_28_aarch64.whl", hash = "sha256:186f7e04248103482ea6354af6d5bcedb62941ee08f7f788a1c7707bc720c66f"},
    {file = "Pillow-10.0.1-cp310-cp310-manylinux_2_28_x86_64.whl", hash = "sha256:0462b1496505a3462d0f35dc1c4d7b54069747d65d00ef48e736acda2c8cbdff"},
    {file = "Pillow-10.0.1-cp310-cp310-musllinux_1_1_aarch64.whl", hash = "sha256:d889b53ae2f030f756e61a7bff13684dcd77e9af8b10c6048fb2c559d6ed6eaf"},
    {file = "Pillow-10.0.1-cp310-cp310-musllinux_1_1_x86_64.whl", hash = "sha256:552912dbca585b74d75279a7570dd29fa43b6d93594abb494ebb31ac19ace6bd"},
    {file = "Pillow-10.0.1-cp310-cp310-win_amd64.whl", hash = "sha256:787bb0169d2385a798888e1122c980c6eff26bf941a8ea79747d35d8f9210ca0"},
    {file = "Pillow-10.0.1-cp311-cp311-macosx_10_10_x86_64.whl", hash = "sha256:fd2a5403a75b54661182b75ec6132437a181209b901446ee5724b589af8edef1"},
    {file = "Pillow-10.0.1-cp311-cp311-macosx_11_0_arm64.whl", hash = "sha256:2d7e91b4379f7a76b31c2dda84ab9e20c6220488e50f7822e59dac36b0cd92b1"},
    {file = "Pillow-10.0.1-cp311-cp311-manylinux_2_17_aarch64.manylinux2014_aarch64.whl", hash = "sha256:19e9adb3f22d4c416e7cd79b01375b17159d6990003633ff1d8377e21b7f1b21"},
    {file = "Pillow-10.0.1-cp311-cp311-manylinux_2_17_x86_64.manylinux2014_x86_64.whl", hash = "sha256:93139acd8109edcdeffd85e3af8ae7d88b258b3a1e13a038f542b79b6d255c54"},
    {file = "Pillow-10.0.1-cp311-cp311-manylinux_2_28_aarch64.whl", hash = "sha256:92a23b0431941a33242b1f0ce6c88a952e09feeea9af4e8be48236a68ffe2205"},
    {file = "Pillow-10.0.1-cp311-cp311-manylinux_2_28_x86_64.whl", hash = "sha256:cbe68deb8580462ca0d9eb56a81912f59eb4542e1ef8f987405e35a0179f4ea2"},
    {file = "Pillow-10.0.1-cp311-cp311-musllinux_1_1_aarch64.whl", hash = "sha256:522ff4ac3aaf839242c6f4e5b406634bfea002469656ae8358644fc6c4856a3b"},
    {file = "Pillow-10.0.1-cp311-cp311-musllinux_1_1_x86_64.whl", hash = "sha256:84efb46e8d881bb06b35d1d541aa87f574b58e87f781cbba8d200daa835b42e1"},
    {file = "Pillow-10.0.1-cp311-cp311-win_amd64.whl", hash = "sha256:898f1d306298ff40dc1b9ca24824f0488f6f039bc0e25cfb549d3195ffa17088"},
    {file = "Pillow-10.0.1-cp312-cp312-macosx_10_10_x86_64.whl", hash = "sha256:bcf1207e2f2385a576832af02702de104be71301c2696d0012b1b93fe34aaa5b"},
    {file = "Pillow-10.0.1-cp312-cp312-macosx_11_0_arm64.whl", hash = "sha256:5d6c9049c6274c1bb565021367431ad04481ebb54872edecfcd6088d27edd6ed"},
    {file = "Pillow-10.0.1-cp312-cp312-manylinux_2_17_aarch64.manylinux2014_aarch64.whl", hash = "sha256:28444cb6ad49726127d6b340217f0627abc8732f1194fd5352dec5e6a0105635"},
    {file = "Pillow-10.0.1-cp312-cp312-manylinux_2_17_x86_64.manylinux2014_x86_64.whl", hash = "sha256:de596695a75496deb3b499c8c4f8e60376e0516e1a774e7bc046f0f48cd620ad"},
    {file = "Pillow-10.0.1-cp312-cp312-manylinux_2_28_aarch64.whl", hash = "sha256:2872f2d7846cf39b3dbff64bc1104cc48c76145854256451d33c5faa55c04d1a"},
    {file = "Pillow-10.0.1-cp312-cp312-manylinux_2_28_x86_64.whl", hash = "sha256:4ce90f8a24e1c15465048959f1e94309dfef93af272633e8f37361b824532e91"},
    {file = "Pillow-10.0.1-cp312-cp312-musllinux_1_1_aarch64.whl", hash = "sha256:ee7810cf7c83fa227ba9125de6084e5e8b08c59038a7b2c9045ef4dde61663b4"},
    {file = "Pillow-10.0.1-cp312-cp312-musllinux_1_1_x86_64.whl", hash = "sha256:b1be1c872b9b5fcc229adeadbeb51422a9633abd847c0ff87dc4ef9bb184ae08"},
    {file = "Pillow-10.0.1-cp312-cp312-win_amd64.whl", hash = "sha256:98533fd7fa764e5f85eebe56c8e4094db912ccbe6fbf3a58778d543cadd0db08"},
    {file = "Pillow-10.0.1-cp38-cp38-macosx_10_10_x86_64.whl", hash = "sha256:764d2c0daf9c4d40ad12fbc0abd5da3af7f8aa11daf87e4fa1b834000f4b6b0a"},
    {file = "Pillow-10.0.1-cp38-cp38-macosx_11_0_arm64.whl", hash = "sha256:fcb59711009b0168d6ee0bd8fb5eb259c4ab1717b2f538bbf36bacf207ef7a68"},
    {file = "Pillow-10.0.1-cp38-cp38-manylinux_2_17_aarch64.manylinux2014_aarch64.whl", hash = "sha256:697a06bdcedd473b35e50a7e7506b1d8ceb832dc238a336bd6f4f5aa91a4b500"},
    {file = "Pillow-10.0.1-cp38-cp38-manylinux_2_17_x86_64.manylinux2014_x86_64.whl", hash = "sha256:9f665d1e6474af9f9da5e86c2a3a2d2d6204e04d5af9c06b9d42afa6ebde3f21"},
    {file = "Pillow-10.0.1-cp38-cp38-manylinux_2_28_aarch64.whl", hash = "sha256:2fa6dd2661838c66f1a5473f3b49ab610c98a128fc08afbe81b91a1f0bf8c51d"},
    {file = "Pillow-10.0.1-cp38-cp38-manylinux_2_28_x86_64.whl", hash = "sha256:3a04359f308ebee571a3127fdb1bd01f88ba6f6fb6d087f8dd2e0d9bff43f2a7"},
    {file = "Pillow-10.0.1-cp38-cp38-musllinux_1_1_aarch64.whl", hash = "sha256:723bd25051454cea9990203405fa6b74e043ea76d4968166dfd2569b0210886a"},
    {file = "Pillow-10.0.1-cp38-cp38-musllinux_1_1_x86_64.whl", hash = "sha256:71671503e3015da1b50bd18951e2f9daf5b6ffe36d16f1eb2c45711a301521a7"},
    {file = "Pillow-10.0.1-cp38-cp38-win_amd64.whl", hash = "sha256:44e7e4587392953e5e251190a964675f61e4dae88d1e6edbe9f36d6243547ff3"},
    {file = "Pillow-10.0.1-cp39-cp39-macosx_10_10_x86_64.whl", hash = "sha256:3855447d98cced8670aaa63683808df905e956f00348732448b5a6df67ee5849"},
    {file = "Pillow-10.0.1-cp39-cp39-macosx_11_0_arm64.whl", hash = "sha256:ed2d9c0704f2dc4fa980b99d565c0c9a543fe5101c25b3d60488b8ba80f0cce1"},
    {file = "Pillow-10.0.1-cp39-cp39-manylinux_2_17_aarch64.manylinux2014_aarch64.whl", hash = "sha256:f5bb289bb835f9fe1a1e9300d011eef4d69661bb9b34d5e196e5e82c4cb09b37"},
    {file = "Pillow-10.0.1-cp39-cp39-manylinux_2_17_x86_64.manylinux2014_x86_64.whl", hash = "sha256:3a0d3e54ab1df9df51b914b2233cf779a5a10dfd1ce339d0421748232cea9876"},
    {file = "Pillow-10.0.1-cp39-cp39-manylinux_2_28_aarch64.whl", hash = "sha256:2cc6b86ece42a11f16f55fe8903595eff2b25e0358dec635d0a701ac9586588f"},
    {file = "Pillow-10.0.1-cp39-cp39-manylinux_2_28_x86_64.whl", hash = "sha256:ca26ba5767888c84bf5a0c1a32f069e8204ce8c21d00a49c90dabeba00ce0145"},
    {file = "Pillow-10.0.1-cp39-cp39-musllinux_1_1_aarch64.whl", hash = "sha256:f0b4b06da13275bc02adfeb82643c4a6385bd08d26f03068c2796f60d125f6f2"},
    {file = "Pillow-10.0.1-cp39-cp39-musllinux_1_1_x86_64.whl", hash = "sha256:bc2e3069569ea9dbe88d6b8ea38f439a6aad8f6e7a6283a38edf61ddefb3a9bf"},
    {file = "Pillow-10.0.1-cp39-cp39-win_amd64.whl", hash = "sha256:8b451d6ead6e3500b6ce5c7916a43d8d8d25ad74b9102a629baccc0808c54971"},
    {file = "Pillow-10.0.1-pp310-pypy310_pp73-macosx_10_10_x86_64.whl", hash = "sha256:32bec7423cdf25c9038fef614a853c9d25c07590e1a870ed471f47fb80b244db"},
    {file = "Pillow-10.0.1-pp310-pypy310_pp73-manylinux_2_17_x86_64.manylinux2014_x86_64.whl", hash = "sha256:b7cf63d2c6928b51d35dfdbda6f2c1fddbe51a6bc4a9d4ee6ea0e11670dd981e"},
    {file = "Pillow-10.0.1-pp310-pypy310_pp73-manylinux_2_28_x86_64.whl", hash = "sha256:f6d3d4c905e26354e8f9d82548475c46d8e0889538cb0657aa9c6f0872a37aa4"},
    {file = "Pillow-10.0.1-pp310-pypy310_pp73-win_amd64.whl", hash = "sha256:847e8d1017c741c735d3cd1883fa7b03ded4f825a6e5fcb9378fd813edee995f"},
    {file = "Pillow-10.0.1-pp39-pypy39_pp73-macosx_10_10_x86_64.whl", hash = "sha256:7f771e7219ff04b79e231d099c0a28ed83aa82af91fd5fa9fdb28f5b8d5addaf"},
    {file = "Pillow-10.0.1-pp39-pypy39_pp73-manylinux_2_17_x86_64.manylinux2014_x86_64.whl", hash = "sha256:459307cacdd4138edee3875bbe22a2492519e060660eaf378ba3b405d1c66317"},
    {file = "Pillow-10.0.1-pp39-pypy39_pp73-manylinux_2_28_x86_64.whl", hash = "sha256:b059ac2c4c7a97daafa7dc850b43b2d3667def858a4f112d1aa082e5c3d6cf7d"},
    {file = "Pillow-10.0.1-pp39-pypy39_pp73-win_amd64.whl", hash = "sha256:d6caf3cd38449ec3cd8a68b375e0c6fe4b6fd04edb6c9766b55ef84a6e8ddf2d"},
    {file = "Pillow-10.0.1.tar.gz", hash = "sha256:d72967b06be9300fed5cfbc8b5bafceec48bf7cdc7dab66b1d2549035287191d"},
]

[package.extras]
docs = ["furo", "olefile", "sphinx (>=2.4)", "sphinx-copybutton", "sphinx-inline-tabs", "sphinx-removed-in", "sphinxext-opengraph"]
tests = ["check-manifest", "coverage", "defusedxml", "markdown2", "olefile", "packaging", "pyroma", "pytest", "pytest-cov", "pytest-timeout"]

[[package]]
name = "pyautogui"
version = "0.9.54"
description = "PyAutoGUI lets Python control the mouse and keyboard, and other GUI automation tasks. For Windows, macOS, and Linux, on Python 3 and 2."
category = "main"
optional = false
python-versions = "*"
files = [
    {file = "PyAutoGUI-0.9.54.tar.gz", hash = "sha256:dd1d29e8fd118941cb193f74df57e5c6ff8e9253b99c7b04f39cfc69f3ae04b2"},
]

[package.dependencies]
mouseinfo = "*"
pygetwindow = ">=0.0.5"
pymsgbox = "*"
pyobjc-core = {version = "*", markers = "platform_system == \"Darwin\""}
pyobjc-framework-quartz = {version = "*", markers = "platform_system == \"Darwin\""}
pyscreeze = ">=0.1.21"
python3-Xlib = {version = "*", markers = "platform_system == \"Linux\" and python_version >= \"3.0\""}
pytweening = ">=1.0.4"

[[package]]
name = "pygetwindow"
version = "0.0.9"
description = "A simple, cross-platform module for obtaining GUI information on application's windows."
category = "main"
optional = false
python-versions = "*"
files = [
    {file = "PyGetWindow-0.0.9.tar.gz", hash = "sha256:17894355e7d2b305cd832d717708384017c1698a90ce24f6f7fbf0242dd0a688"},
]

[package.dependencies]
pyrect = "*"

[[package]]
name = "pymsgbox"
version = "1.0.9"
description = "A simple, cross-platform, pure Python module for JavaScript-like message boxes."
category = "main"
optional = false
python-versions = "*"
files = [
    {file = "PyMsgBox-1.0.9.tar.gz", hash = "sha256:2194227de8bff7a3d6da541848705a155dcbb2a06ee120d9f280a1d7f51263ff"},
]

[[package]]
name = "pyobjc-core"
version = "9.2"
description = "Python<->ObjC Interoperability Module"
category = "main"
optional = false
python-versions = ">=3.7"
files = [
    {file = "pyobjc-core-9.2.tar.gz", hash = "sha256:d734b9291fec91ff4e3ae38b9c6839debf02b79c07314476e87da8e90b2c68c3"},
    {file = "pyobjc_core-9.2-cp310-cp310-macosx_10_9_universal2.whl", hash = "sha256:fa674a39949f5cde8e5c7bbcd24496446bfc67592b028aedbec7f81dc5fc4daa"},
    {file = "pyobjc_core-9.2-cp311-cp311-macosx_10_9_universal2.whl", hash = "sha256:bbc8de304ee322a1ee530b4d2daca135a49b4a49aa3cedc6b2c26c43885f4842"},
    {file = "pyobjc_core-9.2-cp312-cp312-macosx_10_9_universal2.whl", hash = "sha256:0fa950f092673883b8bd28bc18397415cabb457bf410920762109b411789ade9"},
    {file = "pyobjc_core-9.2-cp37-cp37m-macosx_10_9_x86_64.whl", hash = "sha256:586e4cae966282eaa61b21cae66ccdcee9d69c036979def26eebdc08ddebe20f"},
    {file = "pyobjc_core-9.2-cp38-cp38-macosx_10_9_x86_64.whl", hash = "sha256:41189c2c680931c0395a55691763c481fc681f454f21bb4f1644f98c24a45954"},
    {file = "pyobjc_core-9.2-cp38-cp38-macosx_11_0_universal2.whl", hash = "sha256:2d23ee539f2ba5e9f5653d75a13f575c7e36586fc0086792739e69e4c2617eda"},
    {file = "pyobjc_core-9.2-cp39-cp39-macosx_10_9_universal2.whl", hash = "sha256:b9809cf96678797acb72a758f34932fe8e2602d5ab7abec15c5ac68ddb481720"},
]

[[package]]
name = "pyobjc-framework-cocoa"
version = "9.2"
description = "Wrappers for the Cocoa frameworks on macOS"
category = "main"
optional = false
python-versions = ">=3.7"
files = [
    {file = "pyobjc-framework-Cocoa-9.2.tar.gz", hash = "sha256:efd78080872d8c8de6c2b97e0e4eac99d6203a5d1637aa135d071d464eb2db53"},
    {file = "pyobjc_framework_Cocoa-9.2-cp310-cp310-macosx_10_9_universal2.whl", hash = "sha256:9e02d8a7cc4eb7685377c50ba4f17345701acf4c05b1e7480d421bff9e2f62a4"},
    {file = "pyobjc_framework_Cocoa-9.2-cp311-cp311-macosx_10_9_universal2.whl", hash = "sha256:3b1e6287b3149e4c6679cdbccd8e9ef6557a4e492a892e80a77df143f40026d2"},
    {file = "pyobjc_framework_Cocoa-9.2-cp312-cp312-macosx_10_9_universal2.whl", hash = "sha256:312977ce2e3989073c6b324c69ba24283de206fe7acd6dbbbaf3e29238a22537"},
    {file = "pyobjc_framework_Cocoa-9.2-cp37-cp37m-macosx_10_9_x86_64.whl", hash = "sha256:aae7841cf40c26dd915f4dd828f91c6616e6b7998630b72e704750c09e00f334"},
    {file = "pyobjc_framework_Cocoa-9.2-cp38-cp38-macosx_10_9_x86_64.whl", hash = "sha256:739a421e14382a46cbeb9a883f192dceff368ad28ec34d895c48c0ad34cf2c1d"},
    {file = "pyobjc_framework_Cocoa-9.2-cp38-cp38-macosx_11_0_universal2.whl", hash = "sha256:32d9ac1033fac1b821ddee8c68f972a7074ad8c50bec0bea9a719034c1c2fb94"},
    {file = "pyobjc_framework_Cocoa-9.2-cp39-cp39-macosx_10_9_universal2.whl", hash = "sha256:b236bb965e41aeb2e215d4e98a5a230d4b63252c6d26e00924ea2e69540a59d6"},
]

[package.dependencies]
pyobjc-core = ">=9.2"

[[package]]
name = "pyobjc-framework-quartz"
version = "9.2"
description = "Wrappers for the Quartz frameworks on macOS"
category = "main"
optional = false
python-versions = ">=3.7"
files = [
    {file = "pyobjc-framework-Quartz-9.2.tar.gz", hash = "sha256:f586183b9b9ef7f165f0444a7b714ed965d79f6e92617caaf869150dcfd5a72b"},
    {file = "pyobjc_framework_Quartz-9.2-cp310-cp310-macosx_10_9_universal2.whl", hash = "sha256:fb700b24088c8fe126dc0fb5ab4caa156e1e48c1a94839e6bd31c18b570ed53a"},
    {file = "pyobjc_framework_Quartz-9.2-cp311-cp311-macosx_10_9_universal2.whl", hash = "sha256:6f983d26720f5f9786db5b525fc61b981be50d0456da1686fc533867d8990bb9"},
    {file = "pyobjc_framework_Quartz-9.2-cp312-cp312-macosx_10_9_universal2.whl", hash = "sha256:5c512837c211df6a5214d4015f1f85524607952b0619789861c490900e3d5fb9"},
    {file = "pyobjc_framework_Quartz-9.2-cp37-cp37m-macosx_10_9_x86_64.whl", hash = "sha256:0f81de8c846034e725b7ceaa2fec0cca16463a56bdbe099d1d44f20112182431"},
    {file = "pyobjc_framework_Quartz-9.2-cp38-cp38-macosx_10_9_x86_64.whl", hash = "sha256:ab346bbf410a0eaeca26d713ac1f13c014346cd1b7e195017c9502a17f6273db"},
    {file = "pyobjc_framework_Quartz-9.2-cp38-cp38-macosx_11_0_universal2.whl", hash = "sha256:16a0e0677dae6db858cf19943e34deb0424776c9a90a7b67564d0e216861b20d"},
    {file = "pyobjc_framework_Quartz-9.2-cp39-cp39-macosx_10_9_universal2.whl", hash = "sha256:67909baadcfc3ad2864539af3e94c2c024a29d01d9d6da22bbf9b84eac50064e"},
]

[package.dependencies]
pyobjc-core = ">=9.2"
pyobjc-framework-Cocoa = ">=9.2"

[[package]]
name = "pyperclip"
version = "1.8.2"
description = "A cross-platform clipboard module for Python. (Only handles plain text for now.)"
category = "main"
optional = false
python-versions = "*"
files = [
    {file = "pyperclip-1.8.2.tar.gz", hash = "sha256:105254a8b04934f0bc84e9c24eb360a591aaf6535c9def5f29d92af107a9bf57"},
]

[[package]]
name = "pyrect"
version = "0.2.0"
description = "PyRect is a simple module with a Rect class for Pygame-like rectangular areas."
category = "main"
optional = false
python-versions = "*"
files = [
    {file = "PyRect-0.2.0.tar.gz", hash = "sha256:f65155f6df9b929b67caffbd57c0947c5ae5449d3b580d178074bffb47a09b78"},
]

[[package]]
name = "pyscreenshot"
version = "3.1"
description = "python screenshot"
category = "main"
optional = false
python-versions = ">=3.4"
files = [
    {file = "pyscreenshot-3.1-py3-none-any.whl", hash = "sha256:73d406d41a0977125bdfd2f6488f0caf1394e84d1d4c1065d5e8b1400b307096"},
    {file = "pyscreenshot-3.1.tar.gz", hash = "sha256:8c0e93f0aef66a6bfe55a86abfced6bd396ae4b4f6cc1e36f04a28ad2625594d"},
]

[package.dependencies]
EasyProcess = "*"
entrypoint2 = "*"
jeepney = {version = "*", markers = "python_version > \"3.4\" and platform_system == \"Linux\""}
mss = {version = "*", markers = "python_version > \"3.4\""}

[[package]]
name = "pyscreeze"
version = "0.1.29"
description = "A simple, cross-platform screenshot module for Python 2 and 3."
category = "main"
optional = false
python-versions = "*"
files = [
    {file = "PyScreeze-0.1.29.tar.gz", hash = "sha256:d074547795e128da176599a6d4470500e425d49b05cf22e9808a7984c3612836"},
]

[package.dependencies]
Pillow = {version = ">=9.3.0", markers = "python_version == \"3.11\""}
pyscreenshot = "*"

[[package]]
name = "python3-xlib"
version = "0.15"
description = "Python3 X Library"
category = "main"
optional = false
python-versions = "*"
files = [
    {file = "python3-xlib-0.15.tar.gz", hash = "sha256:dc4245f3ae4aa5949c1d112ee4723901ade37a96721ba9645f2bfa56e5b383f8"},
]

[[package]]
name = "pytweening"
version = "1.0.7"
description = "A collection of tweening / easing functions."
category = "main"
optional = false
python-versions = "*"
files = [
    {file = "pytweening-1.0.7.tar.gz", hash = "sha256:767134f1bf57b76c1ce9f692dd1cfc776d9a279de6724e8d04854508fd7ededb"},
]

[[package]]
name = "rubicon-objc"
version = "0.4.6"
description = "A bridge between an Objective C runtime environment and Python."
category = "main"
optional = false
python-versions = ">=3.7"
files = [
    {file = "rubicon-objc-0.4.6.tar.gz", hash = "sha256:faa6e373deab93ba70881354b884137b80403ce78fca2380f189cb338b350926"},
    {file = "rubicon_objc-0.4.6-py3-none-any.whl", hash = "sha256:d4ec8892771bf7ac9569c1310c3beb80bb516c3df0323e6ffd63442b246dfddd"},
]

[package.extras]
dev = ["pre-commit (==2.21.0)", "pre-commit (==3.2.2)", "pytest (==7.3.0)", "pytest-tldr (==0.2.5)", "setuptools-scm[toml] (==7.1.0)", "tox (==4.4.11)"]
docs = ["furo (==2023.3.27)", "pyenchant (==3.2.2)", "sphinx (==6.1.3)", "sphinx-autobuild (==2021.3.14)", "sphinx-tabs (==3.4.1)", "sphinxcontrib-spelling (==8.0.0)"]

[[package]]
name = "setuptools"
version = "68.2.2"
description = "Easily download, build, install, upgrade, and uninstall Python packages"
category = "main"
optional = false
python-versions = ">=3.8"
files = [
    {file = "setuptools-68.2.2-py3-none-any.whl", hash = "sha256:b454a35605876da60632df1a60f736524eb73cc47bbc9f3f1ef1b644de74fd2a"},
    {file = "setuptools-68.2.2.tar.gz", hash = "sha256:4ac1475276d2f1c48684874089fefcd83bd7162ddaafb81fac866ba0db282a87"},
]

[package.extras]
docs = ["furo", "jaraco.packaging (>=9.3)", "jaraco.tidelift (>=1.4)", "pygments-github-lexers (==0.0.5)", "rst.linker (>=1.9)", "sphinx (>=3.5)", "sphinx-favicon", "sphinx-hoverxref (<2)", "sphinx-inline-tabs", "sphinx-lint", "sphinx-notfound-page (>=1,<2)", "sphinx-reredirects", "sphinxcontrib-towncrier"]
testing = ["build[virtualenv]", "filelock (>=3.4.0)", "flake8-2020", "ini2toml[lite] (>=0.9)", "jaraco.develop (>=7.21)", "jaraco.envs (>=2.2)", "jaraco.path (>=3.2.0)", "pip (>=19.1)", "pytest (>=6)", "pytest-black (>=0.3.7)", "pytest-checkdocs (>=2.4)", "pytest-cov", "pytest-enabler (>=2.2)", "pytest-mypy (>=0.9.1)", "pytest-perf", "pytest-ruff", "pytest-timeout", "pytest-xdist", "tomli-w (>=1.0.0)", "virtualenv (>=13.0.0)", "wheel"]
testing-integration = ["build[virtualenv] (>=1.0.3)", "filelock (>=3.4.0)", "jaraco.envs (>=2.2)", "jaraco.path (>=3.2.0)", "packaging (>=23.1)", "pytest", "pytest-enabler", "pytest-xdist", "tomli", "virtualenv (>=13.0.0)", "wheel"]

[[package]]
name = "wheel"
version = "0.41.2"
description = "A built-package format for Python"
category = "main"
optional = false
python-versions = ">=3.7"
files = [
    {file = "wheel-0.41.2-py3-none-any.whl", hash = "sha256:75909db2664838d015e3d9139004ee16711748a52c8f336b52882266540215d8"},
    {file = "wheel-0.41.2.tar.gz", hash = "sha256:0c5ac5ff2afb79ac23ab82bab027a0be7b5dbcf2e54dc50efe4bf507de1f7985"},
]

[package.extras]
test = ["pytest (>=6.0.0)", "setuptools (>=65)"]

[metadata]
lock-version = "2.0"
python-versions = "^3.11"
content-hash = "86235e600f9bc680b154e8c48b6e5befeddc41f0fd9ca7894a4090916a9fb8f7"
